
Microsoft Visual Studio Solution File, Format Version 12.00
# Visual Studio Version 17
VisualStudioVersion = 17.3.32922.545
MinimumVisualStudioVersion = 10.0.40219.1
Project("{FAE04EC0-301F-11D3-BF4B-00C04F79EFBC}") = "ConsoleApp16", "ConsoleApp16.csproj", "{16CD2DE0-F5D3-4154-99B0-694BC98061F7}"
EndProject
Global
	GlobalSection(SolutionConfigurationPlatforms) = preSolution
		Debug|Any CPU = Debug|Any CPU
		Release|Any CPU = Release|Any CPU
	EndGlobalSection
	GlobalSection(ProjectConfigurationPlatforms) = postSolution
		{16CD2DE0-F5D3-4154-99B0-694BC98061F7}.Debug|Any CPU.ActiveCfg = Debug|Any CPU
		{16CD2DE0-F5D3-4154-99B0-694BC98061F7}.Debug|Any CPU.Build.0 = Debug|Any CPU
		{16CD2DE0-F5D3-4154-99B0-694BC98061F7}.Release|Any CPU.ActiveCfg = Release|Any CPU
		{16CD2DE0-F5D3-4154-99B0-694BC98061F7}.Release|Any CPU.Build.0 = Release|Any CPU
	EndGlobalSection
	GlobalSection(SolutionProperties) = preSolution
		HideSolutionNode = FALSE
	EndGlobalSection
	GlobalSection(ExtensibilityGlobals) = postSolution
		SolutionGuid = {596D8BD5-D648-494C-BC43-D264E887E699}
	EndGlobalSection
EndGlobal
